
Microsoft Visual Studio Solution File, Format Version 12.00
# Visual Studio Version 17
VisualStudioVersion = 17.10.34916.146
MinimumVisualStudioVersion = 10.0.40219.1
Project("{FAE04EC0-301F-11D3-BF4B-00C04F79EFBC}") = "PoongSan_Angang_BCR", "PoongSan_Angang_BCR\PoongSan_Angang_BCR.csproj", "{EA467D01-0239-41DE-956B-6C9DFABD5906}"
EndProject
Project("{2150E333-8FDC-42A3-9474-1A3956D46DE8}") = "솔루션 항목", "솔루션 항목", "{897B9250-8698-4EA7-895A-C9E2222E4721}"
EndProject
Global
	GlobalSection(SolutionConfigurationPlatforms) = preSolution
		Debug|Any CPU = Debug|Any CPU
		Debug|x64 = Debug|x64
		Release|Any CPU = Release|Any CPU
		Release|x64 = Release|x64
	EndGlobalSection
	GlobalSection(ProjectConfigurationPlatforms) = postSolution
		{EA467D01-0239-41DE-956B-6C9DFABD5906}.Debug|Any CPU.ActiveCfg = Debug|Any CPU
		{EA467D01-0239-41DE-956B-6C9DFABD5906}.Debug|Any CPU.Build.0 = Debug|Any CPU
		{EA467D01-0239-41DE-956B-6C9DFABD5906}.Debug|x64.ActiveCfg = Debug|x64
		{EA467D01-0239-41DE-956B-6C9DFABD5906}.Debug|x64.Build.0 = Debug|x64
		{EA467D01-0239-41DE-956B-6C9DFABD5906}.Release|Any CPU.ActiveCfg = Release|Any CPU
		{EA467D01-0239-41DE-956B-6C9DFABD5906}.Release|Any CPU.Build.0 = Release|Any CPU
		{EA467D01-0239-41DE-956B-6C9DFABD5906}.Release|x64.ActiveCfg = Release|x64
		{EA467D01-0239-41DE-956B-6C9DFABD5906}.Release|x64.Build.0 = Release|x64
	EndGlobalSection
	GlobalSection(SolutionProperties) = preSolution
		HideSolutionNode = FALSE
	EndGlobalSection
	GlobalSection(ExtensibilityGlobals) = postSolution
		SolutionGuid = {D4B1BBBA-975F-4AA7-A069-6C54898F843D}
	EndGlobalSection
EndGlobal
